
Microsoft Visual Studio Solution File, Format Version 12.00
# Visual Studio Version 17
VisualStudioVersion = 17.3.32825.248
MinimumVisualStudioVersion = 10.0.40219.1
Project("{FAE04EC0-301F-11D3-BF4B-00C04F79EFBC}") = "CSC2036_ACME_Challenge04", "CSC2036_ACME_Challenge04\CSC2036_ACME_Challenge04.csproj", "{F83CAAA2-5CF6-4036-B021-821FBF163C10}"
EndProject
Global
	GlobalSection(SolutionConfigurationPlatforms) = preSolution
		Debug|Any CPU = Debug|Any CPU
		Release|Any CPU = Release|Any CPU
	EndGlobalSection
	GlobalSection(ProjectConfigurationPlatforms) = postSolution
		{F83CAAA2-5CF6-4036-B021-821FBF163C10}.Debug|Any CPU.ActiveCfg = Debug|Any CPU
		{F83CAAA2-5CF6-4036-B021-821FBF163C10}.Debug|Any CPU.Build.0 = Debug|Any CPU
		{F83CAAA2-5CF6-4036-B021-821FBF163C10}.Release|Any CPU.ActiveCfg = Release|Any CPU
		{F83CAAA2-5CF6-4036-B021-821FBF163C10}.Release|Any CPU.Build.0 = Release|Any CPU
	EndGlobalSection
	GlobalSection(SolutionProperties) = preSolution
		HideSolutionNode = FALSE
	EndGlobalSection
	GlobalSection(ExtensibilityGlobals) = postSolution
		SolutionGuid = {CC115D41-3316-45DD-864F-D4C732CE2FD9}
	EndGlobalSection
EndGlobal
